
Microsoft Visual Studio Solution File, Format Version 12.00
# Visual Studio 15
Project("{FAE04EC0-301F-11D3-BF4B-00C04F79EFBC}") = "NoteApp.Android", "NoteApp.Android\NoteApp.Android.csproj", "{15EDF5A8-6A58-4F49-8253-0DDACD13BFB2}"
EndProject
Project("{FAE04EC0-301F-11D3-BF4B-00C04F79EFBC}") = "NoteApp.iOS", "NoteApp.iOS\NoteApp.iOS.csproj", "{55A0B409-3348-4C7F-8FD3-BC16852D6955}"
EndProject
Project("{FAE04EC0-301F-11D3-BF4B-00C04F79EFBC}") = "NoteApp", "NoteApp\NoteApp.csproj", "{5796E2F6-599E-4F80-9873-2A36BDED496E}"
EndProject
Global
	GlobalSection(SolutionConfigurationPlatforms) = preSolution
		Debug|Any CPU = Debug|Any CPU
		Release|Any CPU = Release|Any CPU
		Debug|iPhoneSimulator = Debug|iPhoneSimulator
		Release|iPhoneSimulator = Release|iPhoneSimulator
		Debug|iPhone = Debug|iPhone
		Release|iPhone = Release|iPhone
	EndGlobalSection
	GlobalSection(ProjectConfigurationPlatforms) = postSolution
		{15EDF5A8-6A58-4F49-8253-0DDACD13BFB2}.Debug|Any CPU.ActiveCfg = Debug|Any CPU
		{15EDF5A8-6A58-4F49-8253-0DDACD13BFB2}.Debug|Any CPU.Build.0 = Debug|Any CPU
		{15EDF5A8-6A58-4F49-8253-0DDACD13BFB2}.Release|Any CPU.ActiveCfg = Release|Any CPU
		{15EDF5A8-6A58-4F49-8253-0DDACD13BFB2}.Release|Any CPU.Build.0 = Release|Any CPU
		{15EDF5A8-6A58-4F49-8253-0DDACD13BFB2}.Debug|iPhoneSimulator.ActiveCfg = Debug|Any CPU
		{15EDF5A8-6A58-4F49-8253-0DDACD13BFB2}.Debug|iPhoneSimulator.Build.0 = Debug|Any CPU
		{15EDF5A8-6A58-4F49-8253-0DDACD13BFB2}.Release|iPhoneSimulator.ActiveCfg = Release|Any CPU
		{15EDF5A8-6A58-4F49-8253-0DDACD13BFB2}.Release|iPhoneSimulator.Build.0 = Release|Any CPU
		{15EDF5A8-6A58-4F49-8253-0DDACD13BFB2}.Debug|iPhone.ActiveCfg = Debug|Any CPU
		{15EDF5A8-6A58-4F49-8253-0DDACD13BFB2}.Debug|iPhone.Build.0 = Debug|Any CPU
		{15EDF5A8-6A58-4F49-8253-0DDACD13BFB2}.Release|iPhone.ActiveCfg = Release|Any CPU
		{15EDF5A8-6A58-4F49-8253-0DDACD13BFB2}.Release|iPhone.Build.0 = Release|Any CPU
		{55A0B409-3348-4C7F-8FD3-BC16852D6955}.Debug|Any CPU.ActiveCfg = Debug|iPhoneSimulator
		{55A0B409-3348-4C7F-8FD3-BC16852D6955}.Debug|Any CPU.Build.0 = Debug|iPhoneSimulator
		{55A0B409-3348-4C7F-8FD3-BC16852D6955}.Release|Any CPU.ActiveCfg = Release|iPhoneSimulator
		{55A0B409-3348-4C7F-8FD3-BC16852D6955}.Release|Any CPU.Build.0 = Release|iPhoneSimulator
		{55A0B409-3348-4C7F-8FD3-BC16852D6955}.Debug|iPhoneSimulator.ActiveCfg = Debug|iPhoneSimulator
		{55A0B409-3348-4C7F-8FD3-BC16852D6955}.Debug|iPhoneSimulator.Build.0 = Debug|iPhoneSimulator
		{55A0B409-3348-4C7F-8FD3-BC16852D6955}.Release|iPhoneSimulator.ActiveCfg = Release|iPhoneSimulator
		{55A0B409-3348-4C7F-8FD3-BC16852D6955}.Release|iPhoneSimulator.Build.0 = Release|iPhoneSimulator
		{55A0B409-3348-4C7F-8FD3-BC16852D6955}.Debug|iPhone.ActiveCfg = Debug|iPhone
		{55A0B409-3348-4C7F-8FD3-BC16852D6955}.Debug|iPhone.Build.0 = Debug|iPhone
		{55A0B409-3348-4C7F-8FD3-BC16852D6955}.Release|iPhone.ActiveCfg = Release|iPhone
		{55A0B409-3348-4C7F-8FD3-BC16852D6955}.Release|iPhone.Build.0 = Release|iPhone
		{5796E2F6-599E-4F80-9873-2A36BDED496E}.Debug|Any CPU.ActiveCfg = Debug|Any CPU
		{5796E2F6-599E-4F80-9873-2A36BDED496E}.Debug|Any CPU.Build.0 = Debug|Any CPU
		{5796E2F6-599E-4F80-9873-2A36BDED496E}.Release|Any CPU.ActiveCfg = Release|Any CPU
		{5796E2F6-599E-4F80-9873-2A36BDED496E}.Release|Any CPU.Build.0 = Release|Any CPU
		{5796E2F6-599E-4F80-9873-2A36BDED496E}.Debug|iPhoneSimulator.ActiveCfg = Debug|Any CPU
		{5796E2F6-599E-4F80-9873-2A36BDED496E}.Debug|iPhoneSimulator.Build.0 = Debug|Any CPU
		{5796E2F6-599E-4F80-9873-2A36BDED496E}.Release|iPhoneSimulator.ActiveCfg = Release|Any CPU
		{5796E2F6-599E-4F80-9873-2A36BDED496E}.Release|iPhoneSimulator.Build.0 = Release|Any CPU
		{5796E2F6-599E-4F80-9873-2A36BDED496E}.Debug|iPhone.ActiveCfg = Debug|Any CPU
		{5796E2F6-599E-4F80-9873-2A36BDED496E}.Debug|iPhone.Build.0 = Debug|Any CPU
		{5796E2F6-599E-4F80-9873-2A36BDED496E}.Release|iPhone.ActiveCfg = Release|Any CPU
		{5796E2F6-599E-4F80-9873-2A36BDED496E}.Release|iPhone.Build.0 = Release|Any CPU
	EndGlobalSection
EndGlobal
